
Microsoft Visual Studio Solution File, Format Version 12.00
# Visual Studio Version 17
VisualStudioVersion = 17.0.31903.59
MinimumVisualStudioVersion = 10.0.40219.1
Project("{FAE04EC0-301F-11D3-BF4B-00C04F79EFBC}") = "PIWorks", "PIWorks.csproj", "{E5847353-E636-47AE-9B65-7B660E14917B}"
EndProject
Global
	GlobalSection(SolutionConfigurationPlatforms) = preSolution
		Debug|Any CPU = Debug|Any CPU
		Release|Any CPU = Release|Any CPU
	EndGlobalSection
	GlobalSection(SolutionProperties) = preSolution
		HideSolutionNode = FALSE
	EndGlobalSection
	GlobalSection(ProjectConfigurationPlatforms) = postSolution
		{E5847353-E636-47AE-9B65-7B660E14917B}.Debug|Any CPU.ActiveCfg = Debug|Any CPU
		{E5847353-E636-47AE-9B65-7B660E14917B}.Debug|Any CPU.Build.0 = Debug|Any CPU
		{E5847353-E636-47AE-9B65-7B660E14917B}.Release|Any CPU.ActiveCfg = Release|Any CPU
		{E5847353-E636-47AE-9B65-7B660E14917B}.Release|Any CPU.Build.0 = Release|Any CPU
	EndGlobalSection
EndGlobal
